
Microsoft Visual Studio Solution File, Format Version 12.00
# Visual Studio 14
VisualStudioVersion = 14.0.25420.1
MinimumVisualStudioVersion = 10.0.40219.1
Project("{FAE04EC0-301F-11D3-BF4B-00C04F79EFBC}") = "NewSkills", "NewSkills\NewSkills.csproj", "{2243AF4D-B26A-441A-B63B-36E00FD864D0}"
	ProjectSection(ProjectDependencies) = postProject
		{BED22EF6-E699-4F40-BCD7-527312E1AE84} = {BED22EF6-E699-4F40-BCD7-527312E1AE84}
	EndProjectSection
EndProject
Project("{54435603-DBB4-11D2-8724-00A0C9A8B90C}") = "NewSkills_Installer", "NewSkills_Setup1\NewSkills_Setup1.vdproj", "{D1D62F90-B5B4-49CC-B966-DEBE16B3F2C4}"
EndProject
Project("{FAE04EC0-301F-11D3-BF4B-00C04F79EFBC}") = "NewSkillsLicenseService", "..\LicenceService\LicenceService\NewSkillsLicenseService.csproj", "{BED22EF6-E699-4F40-BCD7-527312E1AE84}"
EndProject
Global
	GlobalSection(SolutionConfigurationPlatforms) = preSolution
		Debug|Any CPU = Debug|Any CPU
		Release|Any CPU = Release|Any CPU
	EndGlobalSection
	GlobalSection(ProjectConfigurationPlatforms) = postSolution
		{2243AF4D-B26A-441A-B63B-36E00FD864D0}.Debug|Any CPU.ActiveCfg = Debug|Any CPU
		{2243AF4D-B26A-441A-B63B-36E00FD864D0}.Debug|Any CPU.Build.0 = Debug|Any CPU
		{2243AF4D-B26A-441A-B63B-36E00FD864D0}.Debug|Any CPU.Deploy.0 = Debug|Any CPU
		{2243AF4D-B26A-441A-B63B-36E00FD864D0}.Release|Any CPU.ActiveCfg = Release|Any CPU
		{2243AF4D-B26A-441A-B63B-36E00FD864D0}.Release|Any CPU.Build.0 = Release|Any CPU
		{D1D62F90-B5B4-49CC-B966-DEBE16B3F2C4}.Debug|Any CPU.ActiveCfg = Debug
		{D1D62F90-B5B4-49CC-B966-DEBE16B3F2C4}.Release|Any CPU.ActiveCfg = Release
		{BED22EF6-E699-4F40-BCD7-527312E1AE84}.Debug|Any CPU.ActiveCfg = Debug|Any CPU
		{BED22EF6-E699-4F40-BCD7-527312E1AE84}.Debug|Any CPU.Build.0 = Debug|Any CPU
		{BED22EF6-E699-4F40-BCD7-527312E1AE84}.Release|Any CPU.ActiveCfg = Release|Any CPU
		{BED22EF6-E699-4F40-BCD7-527312E1AE84}.Release|Any CPU.Build.0 = Release|Any CPU
	EndGlobalSection
	GlobalSection(SolutionProperties) = preSolution
		HideSolutionNode = FALSE
	EndGlobalSection
EndGlobal
